// !$*UTF8*$!
{
	archiveVersion = 1;
	classes = {
	};
	objectVersion = 55;
	objects = {

/* Begin PBXBuildFile section */
		CE7637E9283280C4000A8E6F /* Alamofire in Frameworks */ = {isa = PBXBuildFile; productRef = CE7637E8283280C4000A8E6F /* Alamofire */; };
		CEA9892E280FF74200673502 /* PostViewModel.swift in Sources */ = {isa = PBXBuildFile; fileRef = CEA9892D280FF74200673502 /* PostViewModel.swift */; };
		CEEE44D127BA8F1600CFEED1 /* HomeNetWorkingApp.swift in Sources */ = {isa = PBXBuildFile; fileRef = CEEE44D027BA8F1600CFEED1 /* HomeNetWorkingApp.swift */; };
		CEEE44D327BA8F1600CFEED1 /* ContentView.swift in Sources */ = {isa = PBXBuildFile; fileRef = CEEE44D227BA8F1600CFEED1 /* ContentView.swift */; };
		CEEE44D527BA8F1700CFEED1 /* Assets.xcassets in Resources */ = {isa = PBXBuildFile; fileRef = CEEE44D427BA8F1700CFEED1 /* Assets.xcassets */; };
		CEEE44D827BA8F1700CFEED1 /* Preview Assets.xcassets in Resources */ = {isa = PBXBuildFile; fileRef = CEEE44D727BA8F1700CFEED1 /* Preview Assets.xcassets */; };
		CEEE44E227BA8FED00CFEED1 /* AFHttp.swift in Sources */ = {isa = PBXBuildFile; fileRef = CEEE44E127BA8FED00CFEED1 /* AFHttp.swift */; };
		CEEE44E927BA912D00CFEED1 /* Post.swift in Sources */ = {isa = PBXBuildFile; fileRef = CEEE44E827BA912D00CFEED1 /* Post.swift */; };
/* End PBXBuildFile section */

/* Begin PBXFileReference section */
		CEA9892D280FF74200673502 /* PostViewModel.swift */ = {isa = PBXFileReference; lastKnownFileType = sourcecode.swift; path = PostViewModel.swift; sourceTree = "<group>"; };
		CEEE44CD27BA8F1600CFEED1 /* HomeNetWorking.app */ = {isa = PBXFileReference; explicitFileType = wrapper.application; includeInIndex = 0; path = HomeNetWorking.app; sourceTree = BUILT_PRODUCTS_DIR; };
		CEEE44D027BA8F1600CFEED1 /* HomeNetWorkingApp.swift */ = {isa = PBXFileReference; lastKnownFileType = sourcecode.swift; path = HomeNetWorkingApp.swift; sourceTree = "<group>"; };
		CEEE44D227BA8F1600CFEED1 /* ContentView.swift */ = {isa = PBXFileReference; lastKnownFileType = sourcecode.swift; path = ContentView.swift; sourceTree = "<group>"; };
		CEEE44D427BA8F1700CFEED1 /* Assets.xcassets */ = {isa = PBXFileReference; lastKnownFileType = folder.assetcatalog; path = Assets.xcassets; sourceTree = "<group>"; };
		CEEE44D727BA8F1700CFEED1 /* Preview Assets.xcassets */ = {isa = PBXFileReference; lastKnownFileType = folder.assetcatalog; path = "Preview Assets.xcassets"; sourceTree = "<group>"; };
		CEEE44E127BA8FED00CFEED1 /* AFHttp.swift */ = {isa = PBXFileReference; lastKnownFileType = sourcecode.swift; path = AFHttp.swift; sourceTree = "<group>"; };
		CEEE44E827BA912D00CFEED1 /* Post.swift */ = {isa = PBXFileReference; lastKnownFileType = sourcecode.swift; path = Post.swift; sourceTree = "<group>"; };
		CEEE44EA27BA948F00CFEED1 /* Info.plist */ = {isa = PBXFileReference; lastKnownFileType = text.plist; path = Info.plist; sourceTree = "<group>"; };
/* End PBXFileReference section */

/* Begin PBXFrameworksBuildPhase section */
		CEEE44CA27BA8F1600CFEED1 /* Frameworks */ = {
			isa = PBXFrameworksBuildPhase;
			buildActionMask = 2147483647;
			files = (
				CE7637E9283280C4000A8E6F /* Alamofire in Frameworks */,
			);
			runOnlyForDeploymentPostprocessing = 0;
		};
/* End PBXFrameworksBuildPhase section */

/* Begin PBXGroup section */
		CEEE44C427BA8F1600CFEED1 = {
			isa = PBXGroup;
			children = (
				CEEE44CF27BA8F1600CFEED1 /* HomeNetWorking */,
				CEEE44CE27BA8F1600CFEED1 /* Products */,
			);
			sourceTree = "<group>";
		};
		CEEE44CE27BA8F1600CFEED1 /* Products */ = {
			isa = PBXGroup;
			children = (
				CEEE44CD27BA8F1600CFEED1 /* HomeNetWorking.app */,
			);
			name = Products;
			sourceTree = "<group>";
		};
		CEEE44CF27BA8F1600CFEED1 /* HomeNetWorking */ = {
			isa = PBXGroup;
			children = (
				CEEE44D027BA8F1600CFEED1 /* HomeNetWorkingApp.swift */,
				CEEE44EA27BA948F00CFEED1 /* Info.plist */,
				CEEE44DE27BA8F3B00CFEED1 /* Screens */,
				CEEE44E027BA8FD400CFEED1 /* NetWork */,
				CEEE44E727BA911A00CFEED1 /* Models */,
				CEEE44DF27BA8F6200CFEED1 /* AppUtils */,
				CEEE44D627BA8F1700CFEED1 /* Preview Content */,
			);
			path = HomeNetWorking;
			sourceTree = "<group>";
		};
		CEEE44D627BA8F1700CFEED1 /* Preview Content */ = {
			isa = PBXGroup;
			children = (
				CEEE44D727BA8F1700CFEED1 /* Preview Assets.xcassets */,
			);
			path = "Preview Content";
			sourceTree = "<group>";
		};
		CEEE44DE27BA8F3B00CFEED1 /* Screens */ = {
			isa = PBXGroup;
			children = (
				CEEE44D227BA8F1600CFEED1 /* ContentView.swift */,
			);
			path = Screens;
			sourceTree = "<group>";
		};
		CEEE44DF27BA8F6200CFEED1 /* AppUtils */ = {
			isa = PBXGroup;
			children = (
				CEEE44D427BA8F1700CFEED1 /* Assets.xcassets */,
			);
			path = AppUtils;
			sourceTree = "<group>";
		};
		CEEE44E027BA8FD400CFEED1 /* NetWork */ = {
			isa = PBXGroup;
			children = (
				CEEE44E127BA8FED00CFEED1 /* AFHttp.swift */,
			);
			path = NetWork;
			sourceTree = "<group>";
		};
		CEEE44E727BA911A00CFEED1 /* Models */ = {
			isa = PBXGroup;
			children = (
				CEEE44E827BA912D00CFEED1 /* Post.swift */,
				CEA9892D280FF74200673502 /* PostViewModel.swift */,
			);
			path = Models;
			sourceTree = "<group>";
		};
/* End PBXGroup section */

/* Begin PBXNativeTarget section */
		CEEE44CC27BA8F1600CFEED1 /* HomeNetWorking */ = {
			isa = PBXNativeTarget;
			buildConfigurationList = CEEE44DB27BA8F1700CFEED1 /* Build configuration list for PBXNativeTarget "HomeNetWorking" */;
			buildPhases = (
				CEEE44C927BA8F1600CFEED1 /* Sources */,
				CEEE44CA27BA8F1600CFEED1 /* Frameworks */,
				CEEE44CB27BA8F1600CFEED1 /* Resources */,
			);
			buildRules = (
			);
			dependencies = (
			);
			name = HomeNetWorking;
			packageProductDependencies = (
				CE7637E8283280C4000A8E6F /* Alamofire */,
			);
			productName = HomeNetWorking;
			productReference = CEEE44CD27BA8F1600CFEED1 /* HomeNetWorking.app */;
			productType = "com.apple.product-type.application";
		};
/* End PBXNativeTarget section */

/* Begin PBXProject section */
		CEEE44C527BA8F1600CFEED1 /* Project object */ = {
			isa = PBXProject;
			attributes = {
				BuildIndependentTargetsInParallel = 1;
				LastSwiftUpdateCheck = 1320;
				LastUpgradeCheck = 1320;
				TargetAttributes = {
					CEEE44CC27BA8F1600CFEED1 = {
						CreatedOnToolsVersion = 13.2.1;
					};
				};
			};
			buildConfigurationList = CEEE44C827BA8F1600CFEED1 /* Build configuration list for PBXProject "HomeNetWorking" */;
			compatibilityVersion = "Xcode 13.0";
			developmentRegion = en;
			hasScannedForEncodings = 0;
			knownRegions = (
				en,
				Base,
			);
			mainGroup = CEEE44C427BA8F1600CFEED1;
			packageReferences = (
				CEEE44E327BA905300CFEED1 /* XCRemoteSwiftPackageReference "Alamofire" */,
				CE7637E7283280C4000A8E6F /* XCRemoteSwiftPackageReference "Alamofire" */,
			);
			productRefGroup = CEEE44CE27BA8F1600CFEED1 /* Products */;
			projectDirPath = "";
			projectRoot = "";
			targets = (
				CEEE44CC27BA8F1600CFEED1 /* HomeNetWorking */,
			);
		};
/* End PBXProject section */

/* Begin PBXResourcesBuildPhase section */
		CEEE44CB27BA8F1600CFEED1 /* Resources */ = {
			isa = PBXResourcesBuildPhase;
			buildActionMask = 2147483647;
			files = (
				CEEE44D827BA8F1700CFEED1 /* Preview Assets.xcassets in Resources */,
				CEEE44D527BA8F1700CFEED1 /* Assets.xcassets in Resources */,
			);
			runOnlyForDeploymentPostprocessing = 0;
		};
/* End PBXResourcesBuildPhase section */

/* Begin PBXSourcesBuildPhase section */
		CEEE44C927BA8F1600CFEED1 /* Sources */ = {
			isa = PBXSourcesBuildPhase;
			buildActionMask = 2147483647;
			files = (
				CEA9892E280FF74200673502 /* PostViewModel.swift in Sources */,
				CEEE44E227BA8FED00CFEED1 /* AFHttp.swift in Sources */,
				CEEE44D327BA8F1600CFEED1 /* ContentView.swift in Sources */,
				CEEE44D127BA8F1600CFEED1 /* HomeNetWorkingApp.swift in Sources */,
				CEEE44E927BA912D00CFEED1 /* Post.swift in Sources */,
			);
			runOnlyForDeploymentPostprocessing = 0;
		};
/* End PBXSourcesBuildPhase section */

/* Begin XCBuildConfiguration section */
		CEEE44D927BA8F1700CFEED1 /* Debug */ = {
			isa = XCBuildConfiguration;
			buildSettings = {
				ALWAYS_SEARCH_USER_PATHS = NO;
				CLANG_ANALYZER_NONNULL = YES;
				CLANG_ANALYZER_NUMBER_OBJECT_CONVERSION = YES_AGGRESSIVE;
				CLANG_CXX_LANGUAGE_STANDARD = "gnu++17";
				CLANG_CXX_LIBRARY = "libc++";
				CLANG_ENABLE_MODULES = YES;
				CLANG_ENABLE_OBJC_ARC = YES;
				CLANG_ENABLE_OBJC_WEAK = YES;
				CLANG_WARN_BLOCK_CAPTURE_AUTORELEASING = YES;
				CLANG_WARN_BOOL_CONVERSION = YES;
				CLANG_WARN_COMMA = YES;
				CLANG_WARN_CONSTANT_CONVERSION = YES;
				CLANG_WARN_DEPRECATED_OBJC_IMPLEMENTATIONS = YES;
				CLANG_WARN_DIRECT_OBJC_ISA_USAGE = YES_ERROR;
				CLANG_WARN_DOCUMENTATION_COMMENTS = YES;
				CLANG_WARN_EMPTY_BODY = YES;
				CLANG_WARN_ENUM_CONVERSION = YES;
				CLANG_WARN_INFINITE_RECURSION = YES;
				CLANG_WARN_INT_CONVERSION = YES;
				CLANG_WARN_NON_LITERAL_NULL_CONVERSION = YES;
				CLANG_WARN_OBJC_IMPLICIT_RETAIN_SELF = YES;
				CLANG_WARN_OBJC_LITERAL_CONVERSION = YES;
				CLANG_WARN_OBJC_ROOT_CLASS = YES_ERROR;
				CLANG_WARN_QUOTED_INCLUDE_IN_FRAMEWORK_HEADER = YES;
				CLANG_WARN_RANGE_LOOP_ANALYSIS = YES;
				CLANG_WARN_STRICT_PROTOTYPES = YES;
				CLANG_WARN_SUSPICIOUS_MOVE = YES;
				CLANG_WARN_UNGUARDED_AVAILABILITY = YES_AGGRESSIVE;
				CLANG_WARN_UNREACHABLE_CODE = YES;
				CLANG_WARN__DUPLICATE_METHOD_MATCH = YES;
				COPY_PHASE_STRIP = NO;
				DEBUG_INFORMATION_FORMAT = dwarf;
				ENABLE_STRICT_OBJC_MSGSEND = YES;
				ENABLE_TESTABILITY = YES;
				GCC_C_LANGUAGE_STANDARD = gnu11;
				GCC_DYNAMIC_NO_PIC = NO;
				GCC_NO_COMMON_BLOCKS = YES;
				GCC_OPTIMIZATION_LEVEL = 0;
				GCC_PREPROCESSOR_DEFINITIONS = (
					"DEBUG=1",
					"$(inherited)",
				);
				GCC_WARN_64_TO_32_BIT_CONVERSION = YES;
				GCC_WARN_ABOUT_RETURN_TYPE = YES_ERROR;
				GCC_WARN_UNDECLARED_SELECTOR = YES;
				GCC_WARN_UNINITIALIZED_AUTOS = YES_AGGRESSIVE;
				GCC_WARN_UNUSED_FUNCTION = YES;
				GCC_WARN_UNUSED_VARIABLE = YES;
				IPHONEOS_DEPLOYMENT_TARGET = 15.2;
				MTL_ENABLE_DEBUG_INFO = INCLUDE_SOURCE;
				MTL_FAST_MATH = YES;
				ONLY_ACTIVE_ARCH = YES;
				SDKROOT = iphoneos;
				SWIFT_ACTIVE_COMPILATION_CONDITIONS = DEBUG;
				SWIFT_OPTIMIZATION_LEVEL = "-Onone";
			};
			name = Debug;
		};
		CEEE44DA27BA8F1700CFEED1 /* Release */ = {
			isa = XCBuildConfiguration;
			buildSettings = {
				ALWAYS_SEARCH_USER_PATHS = NO;
				CLANG_ANALYZER_NONNULL = YES;
				CLANG_ANALYZER_NUMBER_OBJECT_CONVERSION = YES_AGGRESSIVE;
				CLANG_CXX_LANGUAGE_STANDARD = "gnu++17";
				CLANG_CXX_LIBRARY = "libc++";
				CLANG_ENABLE_MODULES = YES;
				CLANG_ENABLE_OBJC_ARC = YES;
				CLANG_ENABLE_OBJC_WEAK = YES;
				CLANG_WARN_BLOCK_CAPTURE_AUTORELEASING = YES;
				CLANG_WARN_BOOL_CONVERSION = YES;
				CLANG_WARN_COMMA = YES;
				CLANG_WARN_CONSTANT_CONVERSION = YES;
				CLANG_WARN_DEPRECATED_OBJC_IMPLEMENTATIONS = YES;
				CLANG_WARN_DIRECT_OBJC_ISA_USAGE = YES_ERROR;
				CLANG_WARN_DOCUMENTATION_COMMENTS = YES;
				CLANG_WARN_EMPTY_BODY = YES;
				CLANG_WARN_ENUM_CONVERSION = YES;
				CLANG_WARN_INFINITE_RECURSION = YES;
				CLANG_WARN_INT_CONVERSION = YES;
				CLANG_WARN_NON_LITERAL_NULL_CONVERSION = YES;
				CLANG_WARN_OBJC_IMPLICIT_RETAIN_SELF = YES;
				CLANG_WARN_OBJC_LITERAL_CONVERSION = YES;
				CLANG_WARN_OBJC_ROOT_CLASS = YES_ERROR;
				CLANG_WARN_QUOTED_INCLUDE_IN_FRAMEWORK_HEADER = YES;
				CLANG_WARN_RANGE_LOOP_ANALYSIS = YES;
				CLANG_WARN_STRICT_PROTOTYPES = YES;
				CLANG_WARN_SUSPICIOUS_MOVE = YES;
				CLANG_WARN_UNGUARDED_AVAILABILITY = YES_AGGRESSIVE;
				CLANG_WARN_UNREACHABLE_CODE = YES;
				CLANG_WARN__DUPLICATE_METHOD_MATCH = YES;
				COPY_PHASE_STRIP = NO;
				DEBUG_INFORMATION_FORMAT = "dwarf-with-dsym";
				ENABLE_NS_ASSERTIONS = NO;
				ENABLE_STRICT_OBJC_MSGSEND = YES;
				GCC_C_LANGUAGE_STANDARD = gnu11;
				GCC_NO_COMMON_BLOCKS = YES;
				GCC_WARN_64_TO_32_BIT_CONVERSION = YES;
				GCC_WARN_ABOUT_RETURN_TYPE = YES_ERROR;
				GCC_WARN_UNDECLARED_SELECTOR = YES;
				GCC_WARN_UNINITIALIZED_AUTOS = YES_AGGRESSIVE;
				GCC_WARN_UNUSED_FUNCTION = YES;
				GCC_WARN_UNUSED_VARIABLE = YES;
				IPHONEOS_DEPLOYMENT_TARGET = 15.2;
				MTL_ENABLE_DEBUG_INFO = NO;
				MTL_FAST_MATH = YES;
				SDKROOT = iphoneos;
				SWIFT_COMPILATION_MODE = wholemodule;
				SWIFT_OPTIMIZATION_LEVEL = "-O";
				VALIDATE_PRODUCT = YES;
			};
			name = Release;
		};
		CEEE44DC27BA8F1700CFEED1 /* Debug */ = {
			isa = XCBuildConfiguration;
			buildSettings = {
				ASSETCATALOG_COMPILER_APPICON_NAME = AppIcon;
				ASSETCATALOG_COMPILER_GLOBAL_ACCENT_COLOR_NAME = AccentColor;
				CODE_SIGN_STYLE = Automatic;
				CURRENT_PROJECT_VERSION = 1;
				DEVELOPMENT_ASSET_PATHS = "\"HomeNetWorking/Preview Content\"";
				DEVELOPMENT_TEAM = LZ5UZD89X3;
				ENABLE_PREVIEWS = YES;
				GENERATE_INFOPLIST_FILE = YES;
				INFOPLIST_FILE = HomeNetWorking/Info.plist;
				INFOPLIST_KEY_LSApplicationCategoryType = "";
				INFOPLIST_KEY_UIApplicationSupportsIndirectInputEvents = YES;
				INFOPLIST_KEY_UILaunchScreen_Generation = YES;
				INFOPLIST_KEY_UILaunchStoryboardName = LaunchScreen;
				INFOPLIST_KEY_UIRequiredDeviceCapabilities = armv7;
				INFOPLIST_KEY_UISupportedInterfaceOrientations = "UIInterfaceOrientationPortrait UIInterfaceOrientationLandscapeLeft UIInterfaceOrientationLandscapeRight";
				INFOPLIST_KEY_UISupportedInterfaceOrientations_iPad = "UIInterfaceOrientationPortrait UIInterfaceOrientationPortraitUpsideDown UIInterfaceOrientationLandscapeLeft UIInterfaceOrientationLandscapeRight";
				INFOPLIST_KEY_UISupportedInterfaceOrientations_iPhone = "UIInterfaceOrientationPortrait UIInterfaceOrientationLandscapeLeft UIInterfaceOrientationLandscapeRight";
				LD_RUNPATH_SEARCH_PATHS = (
					"$(inherited)",
					"@executable_path/Frameworks",
				);
				MARKETING_VERSION = 1.0;
				PRODUCT_BUNDLE_IDENTIFIER = com.iMtRo.HomeNetWorking;
				PRODUCT_NAME = "$(TARGET_NAME)";
				SWIFT_EMIT_LOC_STRINGS = YES;
				SWIFT_VERSION = 5.0;
				TARGETED_DEVICE_FAMILY = "1,2";
			};
			name = Debug;
		};
		CEEE44DD27BA8F1700CFEED1 /* Release */ = {
			isa = XCBuildConfiguration;
			buildSettings = {
				ASSETCATALOG_COMPILER_APPICON_NAME = AppIcon;
				ASSETCATALOG_COMPILER_GLOBAL_ACCENT_COLOR_NAME = AccentColor;
				CODE_SIGN_STYLE = Automatic;
				CURRENT_PROJECT_VERSION = 1;
				DEVELOPMENT_ASSET_PATHS = "\"HomeNetWorking/Preview Content\"";
				DEVELOPMENT_TEAM = LZ5UZD89X3;
				ENABLE_PREVIEWS = YES;
				GENERATE_INFOPLIST_FILE = YES;
				INFOPLIST_FILE = HomeNetWorking/Info.plist;
				INFOPLIST_KEY_LSApplicationCategoryType = "";
				INFOPLIST_KEY_UIApplicationSupportsIndirectInputEvents = YES;
				INFOPLIST_KEY_UILaunchScreen_Generation = YES;
				INFOPLIST_KEY_UILaunchStoryboardName = LaunchScreen;
				INFOPLIST_KEY_UIRequiredDeviceCapabilities = armv7;
				INFOPLIST_KEY_UISupportedInterfaceOrientations = "UIInterfaceOrientationPortrait UIInterfaceOrientationLandscapeLeft UIInterfaceOrientationLandscapeRight";
				INFOPLIST_KEY_UISupportedInterfaceOrientations_iPad = "UIInterfaceOrientationPortrait UIInterfaceOrientationPortraitUpsideDown UIInterfaceOrientationLandscapeLeft UIInterfaceOrientationLandscapeRight";
				INFOPLIST_KEY_UISupportedInterfaceOrientations_iPhone = "UIInterfaceOrientationPortrait UIInterfaceOrientationLandscapeLeft UIInterfaceOrientationLandscapeRight";
				LD_RUNPATH_SEARCH_PATHS = (
					"$(inherited)",
					"@executable_path/Frameworks",
				);
				MARKETING_VERSION = 1.0;
				PRODUCT_BUNDLE_IDENTIFIER = com.iMtRo.HomeNetWorking;
				PRODUCT_NAME = "$(TARGET_NAME)";
				SWIFT_EMIT_LOC_STRINGS = YES;
				SWIFT_VERSION = 5.0;
				TARGETED_DEVICE_FAMILY = "1,2";
			};
			name = Release;
		};
/* End XCBuildConfiguration section */

/* Begin XCConfigurationList section */
		CEEE44C827BA8F1600CFEED1 /* Build configuration list for PBXProject "HomeNetWorking" */ = {
			isa = XCConfigurationList;
			buildConfigurations = (
				CEEE44D927BA8F1700CFEED1 /* Debug */,
				CEEE44DA27BA8F1700CFEED1 /* Release */,
			);
			defaultConfigurationIsVisible = 0;
			defaultConfigurationName = Release;
		};
		CEEE44DB27BA8F1700CFEED1 /* Build configuration list for PBXNativeTarget "HomeNetWorking" */ = {
			isa = XCConfigurationList;
			buildConfigurations = (
				CEEE44DC27BA8F1700CFEED1 /* Debug */,
				CEEE44DD27BA8F1700CFEED1 /* Release */,
			);
			defaultConfigurationIsVisible = 0;
			defaultConfigurationName = Release;
		};
/* End XCConfigurationList section */

/* Begin XCRemoteSwiftPackageReference section */
		CE7637E7283280C4000A8E6F /* XCRemoteSwiftPackageReference "Alamofire" */ = {
			isa = XCRemoteSwiftPackageReference;
			repositoryURL = "https://github.com/Alamofire/Alamofire.git";
			requirement = {
				branch = master;
				kind = branch;
			};
		};
		CEEE44E327BA905300CFEED1 /* XCRemoteSwiftPackageReference "Alamofire" */ = {
			isa = XCRemoteSwiftPackageReference;
			repositoryURL = "https://github.com/Alamofire/Alamofire.git";
			requirement = {
				branch = master;
				kind = branch;
			};
		};
/* End XCRemoteSwiftPackageReference section */

/* Begin XCSwiftPackageProductDependency section */
		CE7637E8283280C4000A8E6F /* Alamofire */ = {
			isa = XCSwiftPackageProductDependency;
			package = CEEE44E327BA905300CFEED1 /* XCRemoteSwiftPackageReference "Alamofire" */;
			productName = Alamofire;
		};
/* End XCSwiftPackageProductDependency section */
	};
	rootObject = CEEE44C527BA8F1600CFEED1 /* Project object */;
}
